
Microsoft Visual Studio Solution File, Format Version 12.00
# Visual Studio Version 17
VisualStudioVersion = 17.8.34316.72
MinimumVisualStudioVersion = 10.0.40219.1
Project("{FAE04EC0-301F-11D3-BF4B-00C04F79EFBC}") = "TPChats", "TPChats.csproj", "{8BD53499-CFF4-4F8D-9FAA-9A4EA3D1CFD0}"
EndProject
Global
	GlobalSection(SolutionConfigurationPlatforms) = preSolution
		Debug|Any CPU = Debug|Any CPU
		Release|Any CPU = Release|Any CPU
	EndGlobalSection
	GlobalSection(ProjectConfigurationPlatforms) = postSolution
		{8BD53499-CFF4-4F8D-9FAA-9A4EA3D1CFD0}.Debug|Any CPU.ActiveCfg = Debug|Any CPU
		{8BD53499-CFF4-4F8D-9FAA-9A4EA3D1CFD0}.Debug|Any CPU.Build.0 = Debug|Any CPU
		{8BD53499-CFF4-4F8D-9FAA-9A4EA3D1CFD0}.Release|Any CPU.ActiveCfg = Release|Any CPU
		{8BD53499-CFF4-4F8D-9FAA-9A4EA3D1CFD0}.Release|Any CPU.Build.0 = Release|Any CPU
	EndGlobalSection
	GlobalSection(SolutionProperties) = preSolution
		HideSolutionNode = FALSE
	EndGlobalSection
	GlobalSection(ExtensibilityGlobals) = postSolution
		SolutionGuid = {D3962E50-F904-43B0-B053-855AA9118085}
	EndGlobalSection
EndGlobal
